
Microsoft Visual Studio Solution File, Format Version 12.00
# Visual Studio Version 16
VisualStudioVersion = 16.0.30804.86
MinimumVisualStudioVersion = 10.0.40219.1
Project("{9A19103F-16F7-4668-BE54-9A1E7A4F7556}") = "UdemyIdentityServer.AuthServer", "UdemyIdentityServer.AuthServer\UdemyIdentityServer.AuthServer.csproj", "{64B5B341-2075-47A9-BC8D-3096FDA4434C}"
EndProject
Project("{9A19103F-16F7-4668-BE54-9A1E7A4F7556}") = "UdemyIdentityServer.Client1", "UdemyIdentityServer.Client1\UdemyIdentityServer.Client1.csproj", "{CE40A547-DA72-4EB2-9449-9DFCADFCB652}"
EndProject
Project("{9A19103F-16F7-4668-BE54-9A1E7A4F7556}") = "UdemyIdentityServer.Client2", "UdemyIdentityServer.Client2\UdemyIdentityServer.Client2.csproj", "{AF5FBFBD-8410-4E7F-BD85-494B8F6B95ED}"
EndProject
Project("{9A19103F-16F7-4668-BE54-9A1E7A4F7556}") = "UdemyIdentityServer.Api1", "UdemyIdentityServer.Api1\UdemyIdentityServer.Api1.csproj", "{47D7CF5E-5DFA-4D89-A11E-A58A05F63030}"
EndProject
Project("{9A19103F-16F7-4668-BE54-9A1E7A4F7556}") = "UdemyIdentityServer.Api2", "UdemyIdentityServer.Api2\UdemyIdentityServer.Api2.csproj", "{97A65323-0E3A-4CD2-8A18-02339653C268}"
EndProject
Project("{2150E333-8FDC-42A3-9474-1A3956D46DE8}") = "Solution Items", "Solution Items", "{063606C1-A57F-4665-A405-2F757CCE35BE}"
	ProjectSection(SolutionItems) = preProject
		Ports.txt = Ports.txt
	EndProjectSection
EndProject
Project("{9A19103F-16F7-4668-BE54-9A1E7A4F7556}") = "UdemyIdentityServer-IdentityApi.AuthServer", "UdemyIdentityServer-IdentityApi.AuthServer\UdemyIdentityServer-IdentityApi.AuthServer.csproj", "{84EB3CBA-1E8E-4845-8A04-DE03647E8D0B}"
EndProject
Global
	GlobalSection(SolutionConfigurationPlatforms) = preSolution
		Debug|Any CPU = Debug|Any CPU
		Release|Any CPU = Release|Any CPU
	EndGlobalSection
	GlobalSection(ProjectConfigurationPlatforms) = postSolution
		{64B5B341-2075-47A9-BC8D-3096FDA4434C}.Debug|Any CPU.ActiveCfg = Debug|Any CPU
		{64B5B341-2075-47A9-BC8D-3096FDA4434C}.Debug|Any CPU.Build.0 = Debug|Any CPU
		{64B5B341-2075-47A9-BC8D-3096FDA4434C}.Release|Any CPU.ActiveCfg = Release|Any CPU
		{64B5B341-2075-47A9-BC8D-3096FDA4434C}.Release|Any CPU.Build.0 = Release|Any CPU
		{CE40A547-DA72-4EB2-9449-9DFCADFCB652}.Debug|Any CPU.ActiveCfg = Debug|Any CPU
		{CE40A547-DA72-4EB2-9449-9DFCADFCB652}.Debug|Any CPU.Build.0 = Debug|Any CPU
		{CE40A547-DA72-4EB2-9449-9DFCADFCB652}.Release|Any CPU.ActiveCfg = Release|Any CPU
		{CE40A547-DA72-4EB2-9449-9DFCADFCB652}.Release|Any CPU.Build.0 = Release|Any CPU
		{AF5FBFBD-8410-4E7F-BD85-494B8F6B95ED}.Debug|Any CPU.ActiveCfg = Debug|Any CPU
		{AF5FBFBD-8410-4E7F-BD85-494B8F6B95ED}.Debug|Any CPU.Build.0 = Debug|Any CPU
		{AF5FBFBD-8410-4E7F-BD85-494B8F6B95ED}.Release|Any CPU.ActiveCfg = Release|Any CPU
		{AF5FBFBD-8410-4E7F-BD85-494B8F6B95ED}.Release|Any CPU.Build.0 = Release|Any CPU
		{47D7CF5E-5DFA-4D89-A11E-A58A05F63030}.Debug|Any CPU.ActiveCfg = Debug|Any CPU
		{47D7CF5E-5DFA-4D89-A11E-A58A05F63030}.Debug|Any CPU.Build.0 = Debug|Any CPU
		{47D7CF5E-5DFA-4D89-A11E-A58A05F63030}.Release|Any CPU.ActiveCfg = Release|Any CPU
		{47D7CF5E-5DFA-4D89-A11E-A58A05F63030}.Release|Any CPU.Build.0 = Release|Any CPU
		{97A65323-0E3A-4CD2-8A18-02339653C268}.Debug|Any CPU.ActiveCfg = Debug|Any CPU
		{97A65323-0E3A-4CD2-8A18-02339653C268}.Debug|Any CPU.Build.0 = Debug|Any CPU
		{97A65323-0E3A-4CD2-8A18-02339653C268}.Release|Any CPU.ActiveCfg = Release|Any CPU
		{97A65323-0E3A-4CD2-8A18-02339653C268}.Release|Any CPU.Build.0 = Release|Any CPU
		{84EB3CBA-1E8E-4845-8A04-DE03647E8D0B}.Debug|Any CPU.ActiveCfg = Debug|Any CPU
		{84EB3CBA-1E8E-4845-8A04-DE03647E8D0B}.Debug|Any CPU.Build.0 = Debug|Any CPU
		{84EB3CBA-1E8E-4845-8A04-DE03647E8D0B}.Release|Any CPU.ActiveCfg = Release|Any CPU
		{84EB3CBA-1E8E-4845-8A04-DE03647E8D0B}.Release|Any CPU.Build.0 = Release|Any CPU
	EndGlobalSection
	GlobalSection(SolutionProperties) = preSolution
		HideSolutionNode = FALSE
	EndGlobalSection
	GlobalSection(ExtensibilityGlobals) = postSolution
		SolutionGuid = {CD314064-E70B-4C12-8EEF-4EF943C97A57}
	EndGlobalSection
EndGlobal
